# This file is autogenerated, do not edit; changes may be undone by the next 'dep ensure'.


[[projects]]
  name = "github.com/go-redis/redis"
  packages = [
    ".",
    "internal",
    "internal/consistenthash",
    "internal/hashtag",
    "internal/pool",
    "internal/proto",
    "internal/singleflight",
    "internal/util"
  ]
  revision = "b3d9bf10f6666b2ee5100a6f3f84f4caf3b4e37d"
  version = "v6.14.2"

[[projects]]
  name = "github.com/xgfone/logger"
  packages = ["."]
  revision = "c54b0f14edd66948a34a06e1f467ff523cd48c55"
  version = "v1.0.0"

[[projects]]
  branch = "master"
  name = "github.com/xgfone/ship"
  packages = [
    ".",
    "binder",
    "core",
    "render",
    "router/echo",
    "utils"
  ]
  revision = "7d061ab118e12f4b81336f8b988583f51f41c59b"

[[projects]]
  branch = "master"
  name = "github.com/xgfone/websocket"
  packages = [
    ".",
    "vncproxy"
  ]
  revision = "0af31ddd43e7153a0f267312afb277feb4cffb51"

[solve-meta]
  analyzer-name = "dep"
  analyzer-version = 1
  inputs-digest = "813d063e13cb08567fa55e31354400add72722c1dc908e94c3664169923ad030"
  solver-name = "gps-cdcl"
  solver-version = 1
