# This file is autogenerated, do not edit; changes may be undone by the next 'dep ensure'.


[[projects]]
  name = "github.com/go-redis/redis"
  packages = [
    ".",
    "internal",
    "internal/consistenthash",
    "internal/hashtag",
    "internal/pool",
    "internal/proto",
    "internal/singleflight",
    "internal/util"
  ]
  revision = "b3d9bf10f6666b2ee5100a6f3f84f4caf3b4e37d"
  version = "v6.14.2"

[[projects]]
  name = "github.com/xgfone/go-tools"
  packages = [
    "io2",
    "lifecycle",
    "net2/http2",
    "pools",
    "signal2",
    "sync2",
    "types"
  ]
  revision = "fdc6594dbc786eb8492dddd4aaaac7a4af22be9e"
  version = "v4.0.0"

[[projects]]
  branch = "master"
  name = "github.com/xgfone/miss"
  packages = ["."]
  revision = "1233446ef50b901ef6812e3285da689d958a40c3"

[[projects]]
  branch = "master"
  name = "github.com/xgfone/websocket"
  packages = [
    ".",
    "vncproxy"
  ]
  revision = "41af1fc68aab9534aaf4d999cec05332c4501e23"

[solve-meta]
  analyzer-name = "dep"
  analyzer-version = 1
  inputs-digest = "a20d4ccf2c945ffe3c3d258b45ae562915ed37fb548ad523545d2ceb146f2c65"
  solver-name = "gps-cdcl"
  solver-version = 1
