# This file is autogenerated, do not edit; changes may be undone by the next 'dep ensure'.


[[projects]]
  name = "github.com/go-redis/redis"
  packages = [".","internal","internal/consistenthash","internal/hashtag","internal/pool","internal/proto","internal/util"]
  revision = "d22fde8721cc915a55aeb6b00944a76a92bfeb6e"
  version = "v6.15.2"

[[projects]]
  name = "github.com/xgfone/go-config"
  packages = ["."]
  revision = "1fd75024fa6a91832771141b3bf2a966cfbd09fa"
  version = "v9.3.1"

[[projects]]
  name = "github.com/xgfone/logger"
  packages = ["."]
  revision = "c69efeeb39a3d4fc81282475de3ea5f664c64c6a"
  version = "v2.2.0"

[[projects]]
  name = "github.com/xgfone/ship"
  packages = [".","router/echo","utils"]
  revision = "100d6310ad65c828bc41f4fb100f6d3626c7e69f"
  version = "v1.0.0"

[solve-meta]
  analyzer-name = "dep"
  analyzer-version = 1
  inputs-digest = "b99cf96ea5e431b9e0793b9161bf6f6525cd92eb651cc17e0228e2c0d8aa38c9"
  solver-name = "gps-cdcl"
  solver-version = 1
